
Microsoft Visual Studio Solution File, Format Version 12.00
# Visual Studio Version 17
VisualStudioVersion = 17.6.33723.286
MinimumVisualStudioVersion = 10.0.40219.1
Project("{9A19103F-16F7-4668-BE54-9A1E7A4F7556}") = "BlazorApp.Server", "BlazorApp\Server\BlazorApp.Server.csproj", "{ECFFE062-5605-4A36-B004-817A77185F65}"
EndProject
Project("{9A19103F-16F7-4668-BE54-9A1E7A4F7556}") = "BlazorApp.Client", "BlazorApp\Client\BlazorApp.Client.csproj", "{5A2C7400-C3A0-49A9-9323-5F376F6D3ADA}"
EndProject
Project("{9A19103F-16F7-4668-BE54-9A1E7A4F7556}") = "BlazorApp.Shared", "BlazorApp\Shared\BlazorApp.Shared.csproj", "{82AEDAD7-8DFB-4AF1-A7AF-F80FB1457D66}"
EndProject
Global
	GlobalSection(SolutionConfigurationPlatforms) = preSolution
		Debug|Any CPU = Debug|Any CPU
		Release|Any CPU = Release|Any CPU
	EndGlobalSection
	GlobalSection(ProjectConfigurationPlatforms) = postSolution
		{ECFFE062-5605-4A36-B004-817A77185F65}.Debug|Any CPU.ActiveCfg = Debug|Any CPU
		{ECFFE062-5605-4A36-B004-817A77185F65}.Debug|Any CPU.Build.0 = Debug|Any CPU
		{ECFFE062-5605-4A36-B004-817A77185F65}.Release|Any CPU.ActiveCfg = Release|Any CPU
		{ECFFE062-5605-4A36-B004-817A77185F65}.Release|Any CPU.Build.0 = Release|Any CPU
		{5A2C7400-C3A0-49A9-9323-5F376F6D3ADA}.Debug|Any CPU.ActiveCfg = Debug|Any CPU
		{5A2C7400-C3A0-49A9-9323-5F376F6D3ADA}.Debug|Any CPU.Build.0 = Debug|Any CPU
		{5A2C7400-C3A0-49A9-9323-5F376F6D3ADA}.Release|Any CPU.ActiveCfg = Release|Any CPU
		{5A2C7400-C3A0-49A9-9323-5F376F6D3ADA}.Release|Any CPU.Build.0 = Release|Any CPU
		{82AEDAD7-8DFB-4AF1-A7AF-F80FB1457D66}.Debug|Any CPU.ActiveCfg = Debug|Any CPU
		{82AEDAD7-8DFB-4AF1-A7AF-F80FB1457D66}.Debug|Any CPU.Build.0 = Debug|Any CPU
		{82AEDAD7-8DFB-4AF1-A7AF-F80FB1457D66}.Release|Any CPU.ActiveCfg = Release|Any CPU
		{82AEDAD7-8DFB-4AF1-A7AF-F80FB1457D66}.Release|Any CPU.Build.0 = Release|Any CPU
	EndGlobalSection
	GlobalSection(SolutionProperties) = preSolution
		HideSolutionNode = FALSE
	EndGlobalSection
	GlobalSection(ExtensibilityGlobals) = postSolution
		SolutionGuid = {87BD9317-BFA1-476C-993E-73E7C76EE415}
	EndGlobalSection
EndGlobal
